// !$*UTF8*$!
{
	archiveVersion = 1;
	classes = {
	};
	objectVersion = 56;
	objects = {

/* Begin PBXBuildFile section */
		500C8B322BB4273800A50EB9 /* WildlifeMarker.swift in Sources */ = {isa = PBXBuildFile; fileRef = 500C8B312BB4273800A50EB9 /* WildlifeMarker.swift */; };
		500C8B342BB4317800A50EB9 /* IndexCardView.swift in Sources */ = {isa = PBXBuildFile; fileRef = 500C8B332BB4317800A50EB9 /* IndexCardView.swift */; };
		500C8B362BB4444400A50EB9 /* EntriesListView.swift in Sources */ = {isa = PBXBuildFile; fileRef = 500C8B352BB4444400A50EB9 /* EntriesListView.swift */; };
		508154912BB3172200A30793 /* HKWildlifeIndexApp.swift in Sources */ = {isa = PBXBuildFile; fileRef = 508154902BB3172200A30793 /* HKWildlifeIndexApp.swift */; };
		508154932BB3172200A30793 /* ContentView.swift in Sources */ = {isa = PBXBuildFile; fileRef = 508154922BB3172200A30793 /* ContentView.swift */; };
		508154972BB3172400A30793 /* Assets.xcassets in Resources */ = {isa = PBXBuildFile; fileRef = 508154962BB3172400A30793 /* Assets.xcassets */; };
		5081549A2BB3172400A30793 /* Preview Assets.xcassets in Resources */ = {isa = PBXBuildFile; fileRef = 508154992BB3172400A30793 /* Preview Assets.xcassets */; };
		508154A32BB317AE00A30793 /* ScanSelectionView.swift in Sources */ = {isa = PBXBuildFile; fileRef = 508154A22BB317AE00A30793 /* ScanSelectionView.swift */; };
		508154A52BB317C200A30793 /* MapView.swift in Sources */ = {isa = PBXBuildFile; fileRef = 508154A42BB317C200A30793 /* MapView.swift */; };
		508154A72BB3181E00A30793 /* CameraView.swift in Sources */ = {isa = PBXBuildFile; fileRef = 508154A62BB3181E00A30793 /* CameraView.swift */; };
		508154AB2BB3183800A30793 /* CameraModel.swift in Sources */ = {isa = PBXBuildFile; fileRef = 508154A82BB3183700A30793 /* CameraModel.swift */; };
		508154AC2BB3183800A30793 /* EntryInfo.swift in Sources */ = {isa = PBXBuildFile; fileRef = 508154A92BB3183800A30793 /* EntryInfo.swift */; };
		508154AD2BB3183800A30793 /* WildlifeEntry.swift in Sources */ = {isa = PBXBuildFile; fileRef = 508154AA2BB3183800A30793 /* WildlifeEntry.swift */; };
		508154AF2BB3185A00A30793 /* ViewfinderView.swift in Sources */ = {isa = PBXBuildFile; fileRef = 508154AE2BB3185A00A30793 /* ViewfinderView.swift */; };
		508154B12BB318F600A30793 /* Camera.swift in Sources */ = {isa = PBXBuildFile; fileRef = 508154B02BB318F600A30793 /* Camera.swift */; };
		508154B62BB3194500A30793 /* AnimalClassifier.mlmodel in Sources */ = {isa = PBXBuildFile; fileRef = 508154B32BB3194500A30793 /* AnimalClassifier.mlmodel */; };
		508154B72BB3194500A30793 /* SpeciesIdentifier.swift in Sources */ = {isa = PBXBuildFile; fileRef = 508154B42BB3194500A30793 /* SpeciesIdentifier.swift */; };
		508E33872BC1517100F239D2 /* DetailView.swift in Sources */ = {isa = PBXBuildFile; fileRef = 508E33862BC1517100F239D2 /* DetailView.swift */; };
/* End PBXBuildFile section */

/* Begin PBXFileReference section */
		500C8B312BB4273800A50EB9 /* WildlifeMarker.swift */ = {isa = PBXFileReference; lastKnownFileType = sourcecode.swift; path = WildlifeMarker.swift; sourceTree = "<group>"; };
		500C8B332BB4317800A50EB9 /* IndexCardView.swift */ = {isa = PBXFileReference; lastKnownFileType = sourcecode.swift; path = IndexCardView.swift; sourceTree = "<group>"; };
		500C8B352BB4444400A50EB9 /* EntriesListView.swift */ = {isa = PBXFileReference; lastKnownFileType = sourcecode.swift; path = EntriesListView.swift; sourceTree = "<group>"; };
		5081548D2BB3172200A30793 /* HKWildlifeIndex.app */ = {isa = PBXFileReference; explicitFileType = wrapper.application; includeInIndex = 0; path = HKWildlifeIndex.app; sourceTree = BUILT_PRODUCTS_DIR; };
		508154902BB3172200A30793 /* HKWildlifeIndexApp.swift */ = {isa = PBXFileReference; lastKnownFileType = sourcecode.swift; path = HKWildlifeIndexApp.swift; sourceTree = "<group>"; };
		508154922BB3172200A30793 /* ContentView.swift */ = {isa = PBXFileReference; lastKnownFileType = sourcecode.swift; name = ContentView.swift; path = ../ContentView.swift; sourceTree = "<group>"; };
		508154962BB3172400A30793 /* Assets.xcassets */ = {isa = PBXFileReference; lastKnownFileType = folder.assetcatalog; path = Assets.xcassets; sourceTree = "<group>"; };
		508154992BB3172400A30793 /* Preview Assets.xcassets */ = {isa = PBXFileReference; lastKnownFileType = folder.assetcatalog; path = "Preview Assets.xcassets"; sourceTree = "<group>"; };
		508154A22BB317AE00A30793 /* ScanSelectionView.swift */ = {isa = PBXFileReference; lastKnownFileType = sourcecode.swift; path = ScanSelectionView.swift; sourceTree = "<group>"; };
		508154A42BB317C200A30793 /* MapView.swift */ = {isa = PBXFileReference; lastKnownFileType = sourcecode.swift; path = MapView.swift; sourceTree = "<group>"; };
		508154A62BB3181E00A30793 /* CameraView.swift */ = {isa = PBXFileReference; lastKnownFileType = sourcecode.swift; path = CameraView.swift; sourceTree = "<group>"; };
		508154A82BB3183700A30793 /* CameraModel.swift */ = {isa = PBXFileReference; fileEncoding = 4; lastKnownFileType = sourcecode.swift; path = CameraModel.swift; sourceTree = "<group>"; };
		508154A92BB3183800A30793 /* EntryInfo.swift */ = {isa = PBXFileReference; fileEncoding = 4; lastKnownFileType = sourcecode.swift; path = EntryInfo.swift; sourceTree = "<group>"; };
		508154AA2BB3183800A30793 /* WildlifeEntry.swift */ = {isa = PBXFileReference; fileEncoding = 4; lastKnownFileType = sourcecode.swift; path = WildlifeEntry.swift; sourceTree = "<group>"; };
		508154AE2BB3185A00A30793 /* ViewfinderView.swift */ = {isa = PBXFileReference; lastKnownFileType = sourcecode.swift; path = ViewfinderView.swift; sourceTree = "<group>"; };
		508154B02BB318F600A30793 /* Camera.swift */ = {isa = PBXFileReference; fileEncoding = 4; lastKnownFileType = sourcecode.swift; path = Camera.swift; sourceTree = "<group>"; };
		508154B32BB3194500A30793 /* AnimalClassifier.mlmodel */ = {isa = PBXFileReference; lastKnownFileType = file.mlmodel; path = AnimalClassifier.mlmodel; sourceTree = "<group>"; };
		508154B42BB3194500A30793 /* SpeciesIdentifier.swift */ = {isa = PBXFileReference; fileEncoding = 4; lastKnownFileType = sourcecode.swift; path = SpeciesIdentifier.swift; sourceTree = "<group>"; };
		508154B82BB31AE300A30793 /* Info.plist */ = {isa = PBXFileReference; lastKnownFileType = text.plist; path = Info.plist; sourceTree = "<group>"; };
		508E33862BC1517100F239D2 /* DetailView.swift */ = {isa = PBXFileReference; lastKnownFileType = sourcecode.swift; path = DetailView.swift; sourceTree = "<group>"; };
/* End PBXFileReference section */

/* Begin PBXFrameworksBuildPhase section */
		5081548A2BB3172200A30793 /* Frameworks */ = {
			isa = PBXFrameworksBuildPhase;
			buildActionMask = 2147483647;
			files = (
			);
			runOnlyForDeploymentPostprocessing = 0;
		};
/* End PBXFrameworksBuildPhase section */

/* Begin PBXGroup section */
		508154842BB3172200A30793 = {
			isa = PBXGroup;
			children = (
				5081548F2BB3172200A30793 /* HKWildlifeIndex */,
				5081548E2BB3172200A30793 /* Products */,
			);
			sourceTree = "<group>";
		};
		5081548E2BB3172200A30793 /* Products */ = {
			isa = PBXGroup;
			children = (
				5081548D2BB3172200A30793 /* HKWildlifeIndex.app */,
			);
			name = Products;
			sourceTree = "<group>";
		};
		5081548F2BB3172200A30793 /* HKWildlifeIndex */ = {
			isa = PBXGroup;
			children = (
				508154B82BB31AE300A30793 /* Info.plist */,
				508154B52BB3194500A30793 /* Utils */,
				508154A12BB3176B00A30793 /* Models */,
				508154A02BB3176100A30793 /* Views */,
				508154902BB3172200A30793 /* HKWildlifeIndexApp.swift */,
				508154962BB3172400A30793 /* Assets.xcassets */,
				508154982BB3172400A30793 /* Preview Content */,
			);
			path = HKWildlifeIndex;
			sourceTree = "<group>";
		};
		508154982BB3172400A30793 /* Preview Content */ = {
			isa = PBXGroup;
			children = (
				508154992BB3172400A30793 /* Preview Assets.xcassets */,
			);
			path = "Preview Content";
			sourceTree = "<group>";
		};
		508154A02BB3176100A30793 /* Views */ = {
			isa = PBXGroup;
			children = (
				508154922BB3172200A30793 /* ContentView.swift */,
				508154A22BB317AE00A30793 /* ScanSelectionView.swift */,
				508154A42BB317C200A30793 /* MapView.swift */,
				508154A62BB3181E00A30793 /* CameraView.swift */,
				508154AE2BB3185A00A30793 /* ViewfinderView.swift */,
				500C8B332BB4317800A50EB9 /* IndexCardView.swift */,
				500C8B352BB4444400A50EB9 /* EntriesListView.swift */,
				508E33862BC1517100F239D2 /* DetailView.swift */,
			);
			path = Views;
			sourceTree = "<group>";
		};
		508154A12BB3176B00A30793 /* Models */ = {
			isa = PBXGroup;
			children = (
				508154B02BB318F600A30793 /* Camera.swift */,
				508154A82BB3183700A30793 /* CameraModel.swift */,
				508154A92BB3183800A30793 /* EntryInfo.swift */,
				508154AA2BB3183800A30793 /* WildlifeEntry.swift */,
				500C8B312BB4273800A50EB9 /* WildlifeMarker.swift */,
			);
			path = Models;
			sourceTree = "<group>";
		};
		508154B52BB3194500A30793 /* Utils */ = {
			isa = PBXGroup;
			children = (
				508154B32BB3194500A30793 /* AnimalClassifier.mlmodel */,
				508154B42BB3194500A30793 /* SpeciesIdentifier.swift */,
			);
			path = Utils;
			sourceTree = "<group>";
		};
/* End PBXGroup section */

/* Begin PBXNativeTarget section */
		5081548C2BB3172200A30793 /* HKWildlifeIndex */ = {
			isa = PBXNativeTarget;
			buildConfigurationList = 5081549D2BB3172400A30793 /* Build configuration list for PBXNativeTarget "HKWildlifeIndex" */;
			buildPhases = (
				508154892BB3172200A30793 /* Sources */,
				5081548A2BB3172200A30793 /* Frameworks */,
				5081548B2BB3172200A30793 /* Resources */,
			);
			buildRules = (
			);
			dependencies = (
			);
			name = HKWildlifeIndex;
			productName = HKWildlifeIndex;
			productReference = 5081548D2BB3172200A30793 /* HKWildlifeIndex.app */;
			productType = "com.apple.product-type.application";
		};
/* End PBXNativeTarget section */

/* Begin PBXProject section */
		508154852BB3172200A30793 /* Project object */ = {
			isa = PBXProject;
			attributes = {
				BuildIndependentTargetsInParallel = 1;
				LastSwiftUpdateCheck = 1530;
				LastUpgradeCheck = 1530;
				TargetAttributes = {
					5081548C2BB3172200A30793 = {
						CreatedOnToolsVersion = 15.3;
					};
				};
			};
			buildConfigurationList = 508154882BB3172200A30793 /* Build configuration list for PBXProject "HKWildlifeIndex" */;
			compatibilityVersion = "Xcode 14.0";
			developmentRegion = en;
			hasScannedForEncodings = 0;
			knownRegions = (
				en,
				Base,
			);
			mainGroup = 508154842BB3172200A30793;
			productRefGroup = 5081548E2BB3172200A30793 /* Products */;
			projectDirPath = "";
			projectRoot = "";
			targets = (
				5081548C2BB3172200A30793 /* HKWildlifeIndex */,
			);
		};
/* End PBXProject section */

/* Begin PBXResourcesBuildPhase section */
		5081548B2BB3172200A30793 /* Resources */ = {
			isa = PBXResourcesBuildPhase;
			buildActionMask = 2147483647;
			files = (
				5081549A2BB3172400A30793 /* Preview Assets.xcassets in Resources */,
				508154972BB3172400A30793 /* Assets.xcassets in Resources */,
			);
			runOnlyForDeploymentPostprocessing = 0;
		};
/* End PBXResourcesBuildPhase section */

/* Begin PBXSourcesBuildPhase section */
		508154892BB3172200A30793 /* Sources */ = {
			isa = PBXSourcesBuildPhase;
			buildActionMask = 2147483647;
			files = (
				508154AD2BB3183800A30793 /* WildlifeEntry.swift in Sources */,
				508154AF2BB3185A00A30793 /* ViewfinderView.swift in Sources */,
				508154932BB3172200A30793 /* ContentView.swift in Sources */,
				508154A52BB317C200A30793 /* MapView.swift in Sources */,
				508154AC2BB3183800A30793 /* EntryInfo.swift in Sources */,
				508154AB2BB3183800A30793 /* CameraModel.swift in Sources */,
				508154B12BB318F600A30793 /* Camera.swift in Sources */,
				500C8B362BB4444400A50EB9 /* EntriesListView.swift in Sources */,
				508154912BB3172200A30793 /* HKWildlifeIndexApp.swift in Sources */,
				508E33872BC1517100F239D2 /* DetailView.swift in Sources */,
				508154B62BB3194500A30793 /* AnimalClassifier.mlmodel in Sources */,
				500C8B342BB4317800A50EB9 /* IndexCardView.swift in Sources */,
				508154B72BB3194500A30793 /* SpeciesIdentifier.swift in Sources */,
				508154A72BB3181E00A30793 /* CameraView.swift in Sources */,
				500C8B322BB4273800A50EB9 /* WildlifeMarker.swift in Sources */,
				508154A32BB317AE00A30793 /* ScanSelectionView.swift in Sources */,
			);
			runOnlyForDeploymentPostprocessing = 0;
		};
/* End PBXSourcesBuildPhase section */

/* Begin XCBuildConfiguration section */
		5081549B2BB3172400A30793 /* Debug */ = {
			isa = XCBuildConfiguration;
			buildSettings = {
				ALWAYS_SEARCH_USER_PATHS = NO;
				ASSETCATALOG_COMPILER_GENERATE_SWIFT_ASSET_SYMBOL_EXTENSIONS = YES;
				CLANG_ANALYZER_NONNULL = YES;
				CLANG_ANALYZER_NUMBER_OBJECT_CONVERSION = YES_AGGRESSIVE;
				CLANG_CXX_LANGUAGE_STANDARD = "gnu++20";
				CLANG_ENABLE_MODULES = YES;
				CLANG_ENABLE_OBJC_ARC = YES;
				CLANG_ENABLE_OBJC_WEAK = YES;
				CLANG_WARN_BLOCK_CAPTURE_AUTORELEASING = YES;
				CLANG_WARN_BOOL_CONVERSION = YES;
				CLANG_WARN_COMMA = YES;
				CLANG_WARN_CONSTANT_CONVERSION = YES;
				CLANG_WARN_DEPRECATED_OBJC_IMPLEMENTATIONS = YES;
				CLANG_WARN_DIRECT_OBJC_ISA_USAGE = YES_ERROR;
				CLANG_WARN_DOCUMENTATION_COMMENTS = YES;
				CLANG_WARN_EMPTY_BODY = YES;
				CLANG_WARN_ENUM_CONVERSION = YES;
				CLANG_WARN_INFINITE_RECURSION = YES;
				CLANG_WARN_INT_CONVERSION = YES;
				CLANG_WARN_NON_LITERAL_NULL_CONVERSION = YES;
				CLANG_WARN_OBJC_IMPLICIT_RETAIN_SELF = YES;
				CLANG_WARN_OBJC_LITERAL_CONVERSION = YES;
				CLANG_WARN_OBJC_ROOT_CLASS = YES_ERROR;
				CLANG_WARN_QUOTED_INCLUDE_IN_FRAMEWORK_HEADER = YES;
				CLANG_WARN_RANGE_LOOP_ANALYSIS = YES;
				CLANG_WARN_STRICT_PROTOTYPES = YES;
				CLANG_WARN_SUSPICIOUS_MOVE = YES;
				CLANG_WARN_UNGUARDED_AVAILABILITY = YES_AGGRESSIVE;
				CLANG_WARN_UNREACHABLE_CODE = YES;
				CLANG_WARN__DUPLICATE_METHOD_MATCH = YES;
				COPY_PHASE_STRIP = NO;
				DEBUG_INFORMATION_FORMAT = dwarf;
				ENABLE_STRICT_OBJC_MSGSEND = YES;
				ENABLE_TESTABILITY = YES;
				ENABLE_USER_SCRIPT_SANDBOXING = YES;
				GCC_C_LANGUAGE_STANDARD = gnu17;
				GCC_DYNAMIC_NO_PIC = NO;
				GCC_NO_COMMON_BLOCKS = YES;
				GCC_OPTIMIZATION_LEVEL = 0;
				GCC_PREPROCESSOR_DEFINITIONS = (
					"DEBUG=1",
					"$(inherited)",
				);
				GCC_WARN_64_TO_32_BIT_CONVERSION = YES;
				GCC_WARN_ABOUT_RETURN_TYPE = YES_ERROR;
				GCC_WARN_UNDECLARED_SELECTOR = YES;
				GCC_WARN_UNINITIALIZED_AUTOS = YES_AGGRESSIVE;
				GCC_WARN_UNUSED_FUNCTION = YES;
				GCC_WARN_UNUSED_VARIABLE = YES;
				IPHONEOS_DEPLOYMENT_TARGET = 17.4;
				LOCALIZATION_PREFERS_STRING_CATALOGS = YES;
				MTL_ENABLE_DEBUG_INFO = INCLUDE_SOURCE;
				MTL_FAST_MATH = YES;
				ONLY_ACTIVE_ARCH = YES;
				SDKROOT = iphoneos;
				SWIFT_ACTIVE_COMPILATION_CONDITIONS = "DEBUG $(inherited)";
				SWIFT_OPTIMIZATION_LEVEL = "-Onone";
			};
			name = Debug;
		};
		5081549C2BB3172400A30793 /* Release */ = {
			isa = XCBuildConfiguration;
			buildSettings = {
				ALWAYS_SEARCH_USER_PATHS = NO;
				ASSETCATALOG_COMPILER_GENERATE_SWIFT_ASSET_SYMBOL_EXTENSIONS = YES;
				CLANG_ANALYZER_NONNULL = YES;
				CLANG_ANALYZER_NUMBER_OBJECT_CONVERSION = YES_AGGRESSIVE;
				CLANG_CXX_LANGUAGE_STANDARD = "gnu++20";
				CLANG_ENABLE_MODULES = YES;
				CLANG_ENABLE_OBJC_ARC = YES;
				CLANG_ENABLE_OBJC_WEAK = YES;
				CLANG_WARN_BLOCK_CAPTURE_AUTORELEASING = YES;
				CLANG_WARN_BOOL_CONVERSION = YES;
				CLANG_WARN_COMMA = YES;
				CLANG_WARN_CONSTANT_CONVERSION = YES;
				CLANG_WARN_DEPRECATED_OBJC_IMPLEMENTATIONS = YES;
				CLANG_WARN_DIRECT_OBJC_ISA_USAGE = YES_ERROR;
				CLANG_WARN_DOCUMENTATION_COMMENTS = YES;
				CLANG_WARN_EMPTY_BODY = YES;
				CLANG_WARN_ENUM_CONVERSION = YES;
				CLANG_WARN_INFINITE_RECURSION = YES;
				CLANG_WARN_INT_CONVERSION = YES;
				CLANG_WARN_NON_LITERAL_NULL_CONVERSION = YES;
				CLANG_WARN_OBJC_IMPLICIT_RETAIN_SELF = YES;
				CLANG_WARN_OBJC_LITERAL_CONVERSION = YES;
				CLANG_WARN_OBJC_ROOT_CLASS = YES_ERROR;
				CLANG_WARN_QUOTED_INCLUDE_IN_FRAMEWORK_HEADER = YES;
				CLANG_WARN_RANGE_LOOP_ANALYSIS = YES;
				CLANG_WARN_STRICT_PROTOTYPES = YES;
				CLANG_WARN_SUSPICIOUS_MOVE = YES;
				CLANG_WARN_UNGUARDED_AVAILABILITY = YES_AGGRESSIVE;
				CLANG_WARN_UNREACHABLE_CODE = YES;
				CLANG_WARN__DUPLICATE_METHOD_MATCH = YES;
				COPY_PHASE_STRIP = NO;
				DEBUG_INFORMATION_FORMAT = "dwarf-with-dsym";
				ENABLE_NS_ASSERTIONS = NO;
				ENABLE_STRICT_OBJC_MSGSEND = YES;
				ENABLE_USER_SCRIPT_SANDBOXING = YES;
				GCC_C_LANGUAGE_STANDARD = gnu17;
				GCC_NO_COMMON_BLOCKS = YES;
				GCC_WARN_64_TO_32_BIT_CONVERSION = YES;
				GCC_WARN_ABOUT_RETURN_TYPE = YES_ERROR;
				GCC_WARN_UNDECLARED_SELECTOR = YES;
				GCC_WARN_UNINITIALIZED_AUTOS = YES_AGGRESSIVE;
				GCC_WARN_UNUSED_FUNCTION = YES;
				GCC_WARN_UNUSED_VARIABLE = YES;
				IPHONEOS_DEPLOYMENT_TARGET = 17.4;
				LOCALIZATION_PREFERS_STRING_CATALOGS = YES;
				MTL_ENABLE_DEBUG_INFO = NO;
				MTL_FAST_MATH = YES;
				SDKROOT = iphoneos;
				SWIFT_COMPILATION_MODE = wholemodule;
				VALIDATE_PRODUCT = YES;
			};
			name = Release;
		};
		5081549E2BB3172400A30793 /* Debug */ = {
			isa = XCBuildConfiguration;
			buildSettings = {
				ASSETCATALOG_COMPILER_APPICON_NAME = AppIcon;
				ASSETCATALOG_COMPILER_GLOBAL_ACCENT_COLOR_NAME = AccentColor;
				CODE_SIGN_STYLE = Automatic;
				CURRENT_PROJECT_VERSION = 1;
				DEVELOPMENT_ASSET_PATHS = "\"HKWildlifeIndex/Preview Content\"";
				DEVELOPMENT_TEAM = GK9ARA9DRY;
				ENABLE_PREVIEWS = YES;
				GENERATE_INFOPLIST_FILE = YES;
				INFOPLIST_FILE = HKWildlifeIndex/Info.plist;
				INFOPLIST_KEY_NSCameraUsageDescription = "HKWildlifeIndex uses the devices camera to identify wildlife in photos";
				INFOPLIST_KEY_UIApplicationSceneManifest_Generation = YES;
				INFOPLIST_KEY_UIApplicationSupportsIndirectInputEvents = YES;
				INFOPLIST_KEY_UILaunchScreen_Generation = YES;
				INFOPLIST_KEY_UISupportedInterfaceOrientations_iPad = "UIInterfaceOrientationPortrait UIInterfaceOrientationPortraitUpsideDown UIInterfaceOrientationLandscapeLeft UIInterfaceOrientationLandscapeRight";
				INFOPLIST_KEY_UISupportedInterfaceOrientations_iPhone = "UIInterfaceOrientationPortrait UIInterfaceOrientationLandscapeLeft UIInterfaceOrientationLandscapeRight";
				LD_RUNPATH_SEARCH_PATHS = (
					"$(inherited)",
					"@executable_path/Frameworks",
				);
				MARKETING_VERSION = 1.0;
				PRODUCT_BUNDLE_IDENTIFIER = Max.HKWildlifeIndex;
				PRODUCT_NAME = "$(TARGET_NAME)";
				SWIFT_EMIT_LOC_STRINGS = YES;
				SWIFT_VERSION = 5.0;
				TARGETED_DEVICE_FAMILY = "1,2";
			};
			name = Debug;
		};
		5081549F2BB3172400A30793 /* Release */ = {
			isa = XCBuildConfiguration;
			buildSettings = {
				ASSETCATALOG_COMPILER_APPICON_NAME = AppIcon;
				ASSETCATALOG_COMPILER_GLOBAL_ACCENT_COLOR_NAME = AccentColor;
				CODE_SIGN_STYLE = Automatic;
				CURRENT_PROJECT_VERSION = 1;
				DEVELOPMENT_ASSET_PATHS = "\"HKWildlifeIndex/Preview Content\"";
				DEVELOPMENT_TEAM = GK9ARA9DRY;
				ENABLE_PREVIEWS = YES;
				GENERATE_INFOPLIST_FILE = YES;
				INFOPLIST_FILE = HKWildlifeIndex/Info.plist;
				INFOPLIST_KEY_NSCameraUsageDescription = "HKWildlifeIndex uses the devices camera to identify wildlife in photos";
				INFOPLIST_KEY_UIApplicationSceneManifest_Generation = YES;
				INFOPLIST_KEY_UIApplicationSupportsIndirectInputEvents = YES;
				INFOPLIST_KEY_UILaunchScreen_Generation = YES;
				INFOPLIST_KEY_UISupportedInterfaceOrientations_iPad = "UIInterfaceOrientationPortrait UIInterfaceOrientationPortraitUpsideDown UIInterfaceOrientationLandscapeLeft UIInterfaceOrientationLandscapeRight";
				INFOPLIST_KEY_UISupportedInterfaceOrientations_iPhone = "UIInterfaceOrientationPortrait UIInterfaceOrientationLandscapeLeft UIInterfaceOrientationLandscapeRight";
				LD_RUNPATH_SEARCH_PATHS = (
					"$(inherited)",
					"@executable_path/Frameworks",
				);
				MARKETING_VERSION = 1.0;
				PRODUCT_BUNDLE_IDENTIFIER = Max.HKWildlifeIndex;
				PRODUCT_NAME = "$(TARGET_NAME)";
				SWIFT_EMIT_LOC_STRINGS = YES;
				SWIFT_VERSION = 5.0;
				TARGETED_DEVICE_FAMILY = "1,2";
			};
			name = Release;
		};
/* End XCBuildConfiguration section */

/* Begin XCConfigurationList section */
		508154882BB3172200A30793 /* Build configuration list for PBXProject "HKWildlifeIndex" */ = {
			isa = XCConfigurationList;
			buildConfigurations = (
				5081549B2BB3172400A30793 /* Debug */,
				5081549C2BB3172400A30793 /* Release */,
			);
			defaultConfigurationIsVisible = 0;
			defaultConfigurationName = Release;
		};
		5081549D2BB3172400A30793 /* Build configuration list for PBXNativeTarget "HKWildlifeIndex" */ = {
			isa = XCConfigurationList;
			buildConfigurations = (
				5081549E2BB3172400A30793 /* Debug */,
				5081549F2BB3172400A30793 /* Release */,
			);
			defaultConfigurationIsVisible = 0;
			defaultConfigurationName = Release;
		};
/* End XCConfigurationList section */
	};
	rootObject = 508154852BB3172200A30793 /* Project object */;
}
